
Microsoft Visual Studio Solution File, Format Version 12.00
# Visual Studio Version 17
VisualStudioVersion = 17.12.35527.113 d17.12
MinimumVisualStudioVersion = 10.0.40219.1
Project("{FAE04EC0-301F-11D3-BF4B-00C04F79EFBC}") = "API", "API\API.csproj", "{D0A983B0-3C85-47C0-B80D-07EA865F2953}"
EndProject
Project("{FAE04EC0-301F-11D3-BF4B-00C04F79EFBC}") = "Persistence", "Persistence\Persistence.csproj", "{CFCFDD81-9CCD-43A6-9B76-EA2A514F52C4}"
EndProject
Project("{FAE04EC0-301F-11D3-BF4B-00C04F79EFBC}") = "Application", "Application\Application.csproj", "{AC8B4854-380A-4AA4-BE8A-24F613104229}"
EndProject
Project("{FAE04EC0-301F-11D3-BF4B-00C04F79EFBC}") = "Domain", "Domain\Domain.csproj", "{01CEC3DB-F53D-493D-87E8-33DBF26A0982}"
EndProject
Project("{FAE04EC0-301F-11D3-BF4B-00C04F79EFBC}") = "Infrastructure", "Infrastructure\Infrastructure.csproj", "{AEB1A11C-AB47-4723-A586-F8F76863CC27}"
EndProject
Global
	GlobalSection(SolutionConfigurationPlatforms) = preSolution
		Debug|Any CPU = Debug|Any CPU
		Release|Any CPU = Release|Any CPU
	EndGlobalSection
	GlobalSection(ProjectConfigurationPlatforms) = postSolution
		{D0A983B0-3C85-47C0-B80D-07EA865F2953}.Debug|Any CPU.ActiveCfg = Debug|Any CPU
		{D0A983B0-3C85-47C0-B80D-07EA865F2953}.Debug|Any CPU.Build.0 = Debug|Any CPU
		{D0A983B0-3C85-47C0-B80D-07EA865F2953}.Release|Any CPU.ActiveCfg = Release|Any CPU
		{D0A983B0-3C85-47C0-B80D-07EA865F2953}.Release|Any CPU.Build.0 = Release|Any CPU
		{CFCFDD81-9CCD-43A6-9B76-EA2A514F52C4}.Debug|Any CPU.ActiveCfg = Debug|Any CPU
		{CFCFDD81-9CCD-43A6-9B76-EA2A514F52C4}.Debug|Any CPU.Build.0 = Debug|Any CPU
		{CFCFDD81-9CCD-43A6-9B76-EA2A514F52C4}.Release|Any CPU.ActiveCfg = Release|Any CPU
		{CFCFDD81-9CCD-43A6-9B76-EA2A514F52C4}.Release|Any CPU.Build.0 = Release|Any CPU
		{AC8B4854-380A-4AA4-BE8A-24F613104229}.Debug|Any CPU.ActiveCfg = Debug|Any CPU
		{AC8B4854-380A-4AA4-BE8A-24F613104229}.Debug|Any CPU.Build.0 = Debug|Any CPU
		{AC8B4854-380A-4AA4-BE8A-24F613104229}.Release|Any CPU.ActiveCfg = Release|Any CPU
		{AC8B4854-380A-4AA4-BE8A-24F613104229}.Release|Any CPU.Build.0 = Release|Any CPU
		{01CEC3DB-F53D-493D-87E8-33DBF26A0982}.Debug|Any CPU.ActiveCfg = Debug|Any CPU
		{01CEC3DB-F53D-493D-87E8-33DBF26A0982}.Debug|Any CPU.Build.0 = Debug|Any CPU
		{01CEC3DB-F53D-493D-87E8-33DBF26A0982}.Release|Any CPU.ActiveCfg = Release|Any CPU
		{01CEC3DB-F53D-493D-87E8-33DBF26A0982}.Release|Any CPU.Build.0 = Release|Any CPU
		{AEB1A11C-AB47-4723-A586-F8F76863CC27}.Debug|Any CPU.ActiveCfg = Debug|Any CPU
		{AEB1A11C-AB47-4723-A586-F8F76863CC27}.Debug|Any CPU.Build.0 = Debug|Any CPU
		{AEB1A11C-AB47-4723-A586-F8F76863CC27}.Release|Any CPU.ActiveCfg = Release|Any CPU
		{AEB1A11C-AB47-4723-A586-F8F76863CC27}.Release|Any CPU.Build.0 = Release|Any CPU
	EndGlobalSection
	GlobalSection(SolutionProperties) = preSolution
		HideSolutionNode = FALSE
	EndGlobalSection
EndGlobal
