
Microsoft Visual Studio Solution File, Format Version 12.00
# Visual Studio Version 17
VisualStudioVersion = 17.12.35707.178
MinimumVisualStudioVersion = 10.0.40219.1
Project("{FAE04EC0-301F-11D3-BF4B-00C04F79EFBC}") = "API", "API\API.csproj", "{301FFF0A-AD11-49CC-BA7B-381D71510F08}"
EndProject
Project("{FAE04EC0-301F-11D3-BF4B-00C04F79EFBC}") = "Persistence", "Persistence\Persistence.csproj", "{F3D895AC-86F4-42E1-8B96-9A807EB7A00E}"
EndProject
Project("{FAE04EC0-301F-11D3-BF4B-00C04F79EFBC}") = "Application", "Application\Application.csproj", "{2B0B5987-2BD6-45E6-9BF3-C4B5B4FE25B6}"
EndProject
Project("{FAE04EC0-301F-11D3-BF4B-00C04F79EFBC}") = "Domain", "Domain\Domain.csproj", "{E342290F-B45A-410A-B512-389EEE178644}"
EndProject
Project("{FAE04EC0-301F-11D3-BF4B-00C04F79EFBC}") = "Infrastructure", "Infrastructure\Infrastructure.csproj", "{211C46AA-7D36-40F1-8D83-6CECC6A72C0B}"
EndProject
Global
	GlobalSection(SolutionConfigurationPlatforms) = preSolution
		Debug|Any CPU = Debug|Any CPU
		Release|Any CPU = Release|Any CPU
	EndGlobalSection
	GlobalSection(ProjectConfigurationPlatforms) = postSolution
		{301FFF0A-AD11-49CC-BA7B-381D71510F08}.Debug|Any CPU.ActiveCfg = Debug|Any CPU
		{301FFF0A-AD11-49CC-BA7B-381D71510F08}.Debug|Any CPU.Build.0 = Debug|Any CPU
		{301FFF0A-AD11-49CC-BA7B-381D71510F08}.Release|Any CPU.ActiveCfg = Release|Any CPU
		{301FFF0A-AD11-49CC-BA7B-381D71510F08}.Release|Any CPU.Build.0 = Release|Any CPU
		{F3D895AC-86F4-42E1-8B96-9A807EB7A00E}.Debug|Any CPU.ActiveCfg = Debug|Any CPU
		{F3D895AC-86F4-42E1-8B96-9A807EB7A00E}.Debug|Any CPU.Build.0 = Debug|Any CPU
		{F3D895AC-86F4-42E1-8B96-9A807EB7A00E}.Release|Any CPU.ActiveCfg = Release|Any CPU
		{F3D895AC-86F4-42E1-8B96-9A807EB7A00E}.Release|Any CPU.Build.0 = Release|Any CPU
		{2B0B5987-2BD6-45E6-9BF3-C4B5B4FE25B6}.Debug|Any CPU.ActiveCfg = Debug|Any CPU
		{2B0B5987-2BD6-45E6-9BF3-C4B5B4FE25B6}.Debug|Any CPU.Build.0 = Debug|Any CPU
		{2B0B5987-2BD6-45E6-9BF3-C4B5B4FE25B6}.Release|Any CPU.ActiveCfg = Release|Any CPU
		{2B0B5987-2BD6-45E6-9BF3-C4B5B4FE25B6}.Release|Any CPU.Build.0 = Release|Any CPU
		{E342290F-B45A-410A-B512-389EEE178644}.Debug|Any CPU.ActiveCfg = Debug|Any CPU
		{E342290F-B45A-410A-B512-389EEE178644}.Debug|Any CPU.Build.0 = Debug|Any CPU
		{E342290F-B45A-410A-B512-389EEE178644}.Release|Any CPU.ActiveCfg = Release|Any CPU
		{E342290F-B45A-410A-B512-389EEE178644}.Release|Any CPU.Build.0 = Release|Any CPU
		{211C46AA-7D36-40F1-8D83-6CECC6A72C0B}.Debug|Any CPU.ActiveCfg = Debug|Any CPU
		{211C46AA-7D36-40F1-8D83-6CECC6A72C0B}.Debug|Any CPU.Build.0 = Debug|Any CPU
		{211C46AA-7D36-40F1-8D83-6CECC6A72C0B}.Release|Any CPU.ActiveCfg = Release|Any CPU
		{211C46AA-7D36-40F1-8D83-6CECC6A72C0B}.Release|Any CPU.Build.0 = Release|Any CPU
	EndGlobalSection
	GlobalSection(SolutionProperties) = preSolution
		HideSolutionNode = FALSE
	EndGlobalSection
EndGlobal
